
Microsoft Visual Studio Solution File, Format Version 12.00
# Visual Studio Version 17
VisualStudioVersion = 17.12.35527.113 d17.12
MinimumVisualStudioVersion = 10.0.40219.1
Project("{FAE04EC0-301F-11D3-BF4B-00C04F79EFBC}") = "Isagi Yoichi", "Isagi Yoichi\Isagi Yoichi.csproj", "{B9D9F666-3601-4BC8-889E-8DF70E7477E6}"
EndProject
Global
	GlobalSection(SolutionConfigurationPlatforms) = preSolution
		Debug|Any CPU = Debug|Any CPU
		Release|Any CPU = Release|Any CPU
	EndGlobalSection
	GlobalSection(ProjectConfigurationPlatforms) = postSolution
		{B9D9F666-3601-4BC8-889E-8DF70E7477E6}.Debug|Any CPU.ActiveCfg = Debug|Any CPU
		{B9D9F666-3601-4BC8-889E-8DF70E7477E6}.Debug|Any CPU.Build.0 = Debug|Any CPU
		{B9D9F666-3601-4BC8-889E-8DF70E7477E6}.Release|Any CPU.ActiveCfg = Release|Any CPU
		{B9D9F666-3601-4BC8-889E-8DF70E7477E6}.Release|Any CPU.Build.0 = Release|Any CPU
	EndGlobalSection
	GlobalSection(SolutionProperties) = preSolution
		HideSolutionNode = FALSE
	EndGlobalSection
EndGlobal
